GEM
  remote: https://rubygems.org/
  specs:
    base64 (0.3.0)
    bigdecimal (4.1.2)
    cgi (0.5.1)
    liquid (5.12.0)
      bigdecimal
      strscan (>= 3.1.1)
    strscan (3.1.8)

PLATFORMS
  arm64-darwin-24
  ruby

DEPENDENCIES
  base64
  cgi
  liquid

CHECKSUMS
  base64 (0.3.0) sha256=27337aeabad6ffae05c265c450490628ef3ebd4b67be58257393227588f5a97b
  bigdecimal (4.1.2) sha256=53d217666027eab4280346fba98e7d5b66baaae1b9c3c1c0ffe89d48188a3fbd
  cgi (0.5.1) sha256=e93fcafc69b8a934fe1e6146121fa35430efa8b4a4047c4893764067036f18e9
  liquid (5.12.0) sha256=5a3c2c2430cd925d21c53e4ed9abea52cd0a9da53b541422f81dee79aca2a673
  strscan (3.1.8) sha256=aae2db611a225559f21ffbb71765c9a4e60fd262534a9ea84f4f11c7f32f679e

BUNDLED WITH
  4.0.10
